
Microsoft Visual Studio Solution File, Format Version 12.00
# Visual Studio 15
VisualStudioVersion = 15.0.28307.168
MinimumVisualStudioVersion = 10.0.40219.1
Project("{FAE04EC0-301F-11D3-BF4B-00C04F79EFBC}") = "DueDLLigence", "DueDLLigence\DueDLLigence.csproj", "{73948912-CEBD-48ED-85E2-85FCD1D4F560}"
EndProject
Global
	GlobalSection(SolutionConfigurationPlatforms) = preSolution
		Debug|Any CPU = Debug|Any CPU
		Release|Any CPU = Release|Any CPU
	EndGlobalSection
	GlobalSection(ProjectConfigurationPlatforms) = postSolution
		{73948912-CEBD-48ED-85E2-85FCD1D4F560}.Debug|Any CPU.ActiveCfg = Debug|Any CPU
		{73948912-CEBD-48ED-85E2-85FCD1D4F560}.Debug|Any CPU.Build.0 = Debug|Any CPU
		{73948912-CEBD-48ED-85E2-85FCD1D4F560}.Release|Any CPU.ActiveCfg = Release|Any CPU
		{73948912-CEBD-48ED-85E2-85FCD1D4F560}.Release|Any CPU.Build.0 = Release|Any CPU
	EndGlobalSection
	GlobalSection(SolutionProperties) = preSolution
		HideSolutionNode = FALSE
	EndGlobalSection
	GlobalSection(ExtensibilityGlobals) = postSolution
		SolutionGuid = {ED12DB96-01D3-4910-9419-3049E2088A87}
	EndGlobalSection
EndGlobal
